
Microsoft Visual Studio Solution File, Format Version 12.00
# Visual Studio Version 17
VisualStudioVersion = 17.2.32630.192
MinimumVisualStudioVersion = 10.0.40219.1
Project("{FAE04EC0-301F-11D3-BF4B-00C04F79EFBC}") = "Domain", "Domain\Domain.csproj", "{645FE072-DD1F-47D0-B82A-AE17E93C5BA2}"
EndProject
Project("{2150E333-8FDC-42A3-9474-1A3956D46DE8}") = "source", "source", "{102732EE-8B5A-4859-84E3-ABB23F9F372E}"
EndProject
Project("{FAE04EC0-301F-11D3-BF4B-00C04F79EFBC}") = "Application", "Application\Application.csproj", "{3343666C-F04D-4D83-B946-83D4F209427B}"
EndProject
Project("{FAE04EC0-301F-11D3-BF4B-00C04F79EFBC}") = "Infrastructure", "Infrastructure\Infrastructure.csproj", "{EFA22E6B-78C9-4EA1-9910-2DF999190389}"
EndProject
Project("{FAE04EC0-301F-11D3-BF4B-00C04F79EFBC}") = "JobPortalAPI", "JobPortalAPI\JobPortalAPI.csproj", "{E15068F3-9A6B-4061-A0DD-BE26C6B6EC8F}"
EndProject
Global
	GlobalSection(SolutionConfigurationPlatforms) = preSolution
		Debug|Any CPU = Debug|Any CPU
		Release|Any CPU = Release|Any CPU
	EndGlobalSection
	GlobalSection(ProjectConfigurationPlatforms) = postSolution
		{645FE072-DD1F-47D0-B82A-AE17E93C5BA2}.Debug|Any CPU.ActiveCfg = Debug|Any CPU
		{645FE072-DD1F-47D0-B82A-AE17E93C5BA2}.Debug|Any CPU.Build.0 = Debug|Any CPU
		{645FE072-DD1F-47D0-B82A-AE17E93C5BA2}.Release|Any CPU.ActiveCfg = Release|Any CPU
		{645FE072-DD1F-47D0-B82A-AE17E93C5BA2}.Release|Any CPU.Build.0 = Release|Any CPU
		{3343666C-F04D-4D83-B946-83D4F209427B}.Debug|Any CPU.ActiveCfg = Debug|Any CPU
		{3343666C-F04D-4D83-B946-83D4F209427B}.Debug|Any CPU.Build.0 = Debug|Any CPU
		{3343666C-F04D-4D83-B946-83D4F209427B}.Release|Any CPU.ActiveCfg = Release|Any CPU
		{3343666C-F04D-4D83-B946-83D4F209427B}.Release|Any CPU.Build.0 = Release|Any CPU
		{EFA22E6B-78C9-4EA1-9910-2DF999190389}.Debug|Any CPU.ActiveCfg = Debug|Any CPU
		{EFA22E6B-78C9-4EA1-9910-2DF999190389}.Debug|Any CPU.Build.0 = Debug|Any CPU
		{EFA22E6B-78C9-4EA1-9910-2DF999190389}.Release|Any CPU.ActiveCfg = Release|Any CPU
		{EFA22E6B-78C9-4EA1-9910-2DF999190389}.Release|Any CPU.Build.0 = Release|Any CPU
		{E15068F3-9A6B-4061-A0DD-BE26C6B6EC8F}.Debug|Any CPU.ActiveCfg = Debug|Any CPU
		{E15068F3-9A6B-4061-A0DD-BE26C6B6EC8F}.Debug|Any CPU.Build.0 = Debug|Any CPU
		{E15068F3-9A6B-4061-A0DD-BE26C6B6EC8F}.Release|Any CPU.ActiveCfg = Release|Any CPU
		{E15068F3-9A6B-4061-A0DD-BE26C6B6EC8F}.Release|Any CPU.Build.0 = Release|Any CPU
	EndGlobalSection
	GlobalSection(SolutionProperties) = preSolution
		HideSolutionNode = FALSE
	EndGlobalSection
	GlobalSection(NestedProjects) = preSolution
		{645FE072-DD1F-47D0-B82A-AE17E93C5BA2} = {102732EE-8B5A-4859-84E3-ABB23F9F372E}
		{3343666C-F04D-4D83-B946-83D4F209427B} = {102732EE-8B5A-4859-84E3-ABB23F9F372E}
		{EFA22E6B-78C9-4EA1-9910-2DF999190389} = {102732EE-8B5A-4859-84E3-ABB23F9F372E}
		{E15068F3-9A6B-4061-A0DD-BE26C6B6EC8F} = {102732EE-8B5A-4859-84E3-ABB23F9F372E}
	EndGlobalSection
	GlobalSection(ExtensibilityGlobals) = postSolution
		SolutionGuid = {C1B781D8-9C08-46A9-9760-4907A5634BFE}
	EndGlobalSection
EndGlobal
